
Microsoft Visual Studio Solution File, Format Version 12.00
# Visual Studio Version 17
VisualStudioVersion = 17.7.34202.233
MinimumVisualStudioVersion = 10.0.40219.1
Project("{00D1A9C2-B5F0-4AF3-8072-F6C62B433612}") = "CICD_DB", "CICD_DB.sqlproj", "{B8D33EDE-30D0-45C9-990A-5C7C7602BA5B}"
EndProject
Global
	GlobalSection(SolutionConfigurationPlatforms) = preSolution
		Debug|Any CPU = Debug|Any CPU
		Release|Any CPU = Release|Any CPU
	EndGlobalSection
	GlobalSection(ProjectConfigurationPlatforms) = postSolution
		{B8D33EDE-30D0-45C9-990A-5C7C7602BA5B}.Debug|Any CPU.ActiveCfg = Debug|Any CPU
		{B8D33EDE-30D0-45C9-990A-5C7C7602BA5B}.Debug|Any CPU.Build.0 = Debug|Any CPU
		{B8D33EDE-30D0-45C9-990A-5C7C7602BA5B}.Debug|Any CPU.Deploy.0 = Debug|Any CPU
		{B8D33EDE-30D0-45C9-990A-5C7C7602BA5B}.Release|Any CPU.ActiveCfg = Release|Any CPU
		{B8D33EDE-30D0-45C9-990A-5C7C7602BA5B}.Release|Any CPU.Build.0 = Release|Any CPU
		{B8D33EDE-30D0-45C9-990A-5C7C7602BA5B}.Release|Any CPU.Deploy.0 = Release|Any CPU
	EndGlobalSection
	GlobalSection(SolutionProperties) = preSolution
		HideSolutionNode = FALSE
	EndGlobalSection
	GlobalSection(ExtensibilityGlobals) = postSolution
		SolutionGuid = {6FBF9C08-A7AA-4C6D-B7FE-88AB2D8F3B18}
	EndGlobalSection
EndGlobal
